PODS:
  - Alamofire (4.4.0)
  - Alamofire-SwiftyJSON (2.0.0-beta.1):
    - Alamofire (~> 4.0)
    - SwiftyJSON (~> 3.0)
  - Kingfisher (3.6.2)
  - SwiftyJSON (3.1.4)

DEPENDENCIES:
  - Alamofire-SwiftyJSON (from `https://github.com/SwiftyJSON/Alamofire-SwiftyJSON.git`)
  - Kingfisher

EXTERNAL SOURCES:
  Alamofire-SwiftyJSON:
    :git: https://github.com/SwiftyJSON/Alamofire-SwiftyJSON.git

CHECKOUT OPTIONS:
  Alamofire-SwiftyJSON:
    :commit: 5fe59acd5caa5fbe669a24126f5d6dae43cddc3b
    :git: https://github.com/SwiftyJSON/Alamofire-SwiftyJSON.git

SPEC CHECKSUMS:
  Alamofire: dc44b1600b800eb63da6a19039a0083d62a6a62d
  Alamofire-SwiftyJSON: 0a9e28b43e448ee58d11e41f8ddda52f17be90b2
  Kingfisher: 2c94e72c6830622c71d06adf4ea024c37d316830
  SwiftyJSON: c2842d878f95482ffceec5709abc3d05680c0220

PODFILE CHECKSUM: 6caee65311f8c11cbb4730324466432b70314cb3

COCOAPODS: 1.2.1
